
Microsoft Visual Studio Solution File, Format Version 12.00
# Visual Studio 2013
VisualStudioVersion = 12.0.21005.1
MinimumVisualStudioVersion = 10.0.40219.1
Project("{FAE04EC0-301F-11D3-BF4B-00C04F79EFBC}") = "SearchBanks", "SearchBanks\SearchBanks.csproj", "{C6D115BA-2FD4-4B6F-B757-928BE999CBD5}"
EndProject
Project("{FAE04EC0-301F-11D3-BF4B-00C04F79EFBC}") = "DbBank", "DbBank\DbBank.csproj", "{1111B9F4-53EC-49DA-9D36-9058158F75DD}"
EndProject
Global
	GlobalSection(SolutionConfigurationPlatforms) = preSolution
		Debug|Any CPU = Debug|Any CPU
		Release|Any CPU = Release|Any CPU
	EndGlobalSection
	GlobalSection(ProjectConfigurationPlatforms) = postSolution
		{C6D115BA-2FD4-4B6F-B757-928BE999CBD5}.Debug|Any CPU.ActiveCfg = Debug|Any CPU
		{C6D115BA-2FD4-4B6F-B757-928BE999CBD5}.Debug|Any CPU.Build.0 = Debug|Any CPU
		{C6D115BA-2FD4-4B6F-B757-928BE999CBD5}.Release|Any CPU.ActiveCfg = Release|Any CPU
		{C6D115BA-2FD4-4B6F-B757-928BE999CBD5}.Release|Any CPU.Build.0 = Release|Any CPU
		{1111B9F4-53EC-49DA-9D36-9058158F75DD}.Debug|Any CPU.ActiveCfg = Debug|Any CPU
		{1111B9F4-53EC-49DA-9D36-9058158F75DD}.Debug|Any CPU.Build.0 = Debug|Any CPU
		{1111B9F4-53EC-49DA-9D36-9058158F75DD}.Release|Any CPU.ActiveCfg = Release|Any CPU
		{1111B9F4-53EC-49DA-9D36-9058158F75DD}.Release|Any CPU.Build.0 = Release|Any CPU
	EndGlobalSection
	GlobalSection(SolutionProperties) = preSolution
		HideSolutionNode = FALSE
	EndGlobalSection
EndGlobal
